
Microsoft Visual Studio Solution File, Format Version 12.00
# Visual Studio 15
VisualStudioVersion = 15.0.27130.2027
MinimumVisualStudioVersion = 10.0.40219.1
Project("{9A19103F-16F7-4668-BE54-9A1E7A4F7556}") = "via_cinema", "via_cinema.csproj", "{2A87DAFB-EA94-4173-B228-CEF19387AC8B}"
EndProject
Global
	GlobalSection(SolutionConfigurationPlatforms) = preSolution
		Debug|Any CPU = Debug|Any CPU
		Release|Any CPU = Release|Any CPU
	EndGlobalSection
	GlobalSection(ProjectConfigurationPlatforms) = postSolution
		{2A87DAFB-EA94-4173-B228-CEF19387AC8B}.Debug|Any CPU.ActiveCfg = Debug|Any CPU
		{2A87DAFB-EA94-4173-B228-CEF19387AC8B}.Debug|Any CPU.Build.0 = Debug|Any CPU
		{2A87DAFB-EA94-4173-B228-CEF19387AC8B}.Release|Any CPU.ActiveCfg = Release|Any CPU
		{2A87DAFB-EA94-4173-B228-CEF19387AC8B}.Release|Any CPU.Build.0 = Release|Any CPU
	EndGlobalSection
	GlobalSection(SolutionProperties) = preSolution
		HideSolutionNode = FALSE
	EndGlobalSection
	GlobalSection(ExtensibilityGlobals) = postSolution
		SolutionGuid = {EA447057-6FFA-4168-8165-CB8DDBB29A45}
	EndGlobalSection
EndGlobal
